<?xml version="1.0" encoding="UTF-8" standalone="yes" ?>
<CodeBlocks_project_file>
	<FileVersion major="1" minor="6" />
	<Project>
		<Option title="leetcode" />
		<Option pch_mode="2" />
		<Option compiler="gcc" />
		<Build>
			<Target title="Debug">
				<Option output="bin/Debug/leetcode" prefix_auto="1" extension_auto="1" />
				<Option object_output="obj/Debug/" />
				<Option type="1" />
				<Option compiler="gcc" />
				<Compiler>
					<Add option="-g" />
				</Compiler>
			</Target>
			<Target title="Release">
				<Option output="bin/Release/leetcode" prefix_auto="1" extension_auto="1" />
				<Option object_output="obj/Release/" />
				<Option type="1" />
				<Option compiler="gcc" />
				<Compiler>
					<Add option="-O2" />
				</Compiler>
				<Linker>
					<Add option="-s" />
				</Linker>
			</Target>
		</Build>
		<Compiler>
			<Add option="-Wall" />
			<Add option="-fexceptions" />
		</Compiler>
		<Unit filename="1.cpp">
			<Option compile="0" />
			<Option link="0" />
		</Unit>
		<Unit filename="102.cpp">
			<Option compile="0" />
			<Option link="0" />
		</Unit>
		<Unit filename="125.cpp">
			<Option compile="0" />
			<Option link="0" />
		</Unit>
		<Unit filename="126.cpp">
			<Option compile="0" />
			<Option link="0" />
		</Unit>
		<Unit filename="160.cpp">
			<Option compile="0" />
			<Option link="0" />
		</Unit>
		<Unit filename="171.cpp" />
		<Unit filename="174.cpp">
			<Option compile="0" />
			<Option link="0" />
		</Unit>
		<Unit filename="202.cpp">
			<Option compile="0" />
			<Option link="0" />
		</Unit>
		<Unit filename="206.cpp">
			<Option compile="0" />
			<Option link="0" />
		</Unit>
		<Unit filename="238.cpp" />
		<Unit filename="33.cpp">
			<Option compile="0" />
			<Option link="0" />
		</Unit>
		<Unit filename="334.cpp">
			<Option compile="0" />
			<Option link="0" />
		</Unit>
		<Unit filename="337.cpp">
			<Option compile="0" />
			<Option link="0" />
		</Unit>
		<Unit filename="354.c">
			<Option compilerVar="CC" />
			<Option compile="0" />
			<Option link="0" />
		</Unit>
		<Unit filename="354.cpp">
			<Option compile="0" />
			<Option link="0" />
		</Unit>
		<Unit filename="36.cpp">
			<Option compile="0" />
			<Option link="0" />
		</Unit>
		<Unit filename="367.cpp">
			<Option compile="0" />
			<Option link="0" />
		</Unit>
		<Unit filename="389.c">
			<Option compilerVar="CC" />
			<Option compile="0" />
			<Option link="0" />
		</Unit>
		<Unit filename="402.cpp" />
		<Unit filename="46.cpp">
			<Option compile="0" />
			<Option link="0" />
		</Unit>
		<Unit filename="461.cpp">
			<Option compile="0" />
			<Option link="0" />
		</Unit>
		<Unit filename="472.cpp">
			<Option compile="0" />
			<Option link="0" />
		</Unit>
		<Unit filename="60.cpp" />
		<Extensions>
			<code_completion />
			<envvars />
			<debugger />
			<lib_finder disable_auto="1" />
		</Extensions>
	</Project>
</CodeBlocks_project_file>
